
Microsoft Visual Studio Solution File, Format Version 12.00
# Visual Studio Version 16
VisualStudioVersion = 16.0.28729.10
MinimumVisualStudioVersion = 10.0.40219.1
Project("{F184B08F-C81C-45F6-A57F-5ABD9991F28F}") = "POS2", "POS2\POS2.vbproj", "{4F1FD4AC-D6F9-4CDF-9556-09188FB22B0A}"
EndProject
Global
	GlobalSection(SolutionConfigurationPlatforms) = preSolution
		Debug|Any CPU = Debug|Any CPU
		Release|Any CPU = Release|Any CPU
	EndGlobalSection
	GlobalSection(ProjectConfigurationPlatforms) = postSolution
		{4F1FD4AC-D6F9-4CDF-9556-09188FB22B0A}.Debug|Any CPU.ActiveCfg = Debug|Any CPU
		{4F1FD4AC-D6F9-4CDF-9556-09188FB22B0A}.Debug|Any CPU.Build.0 = Debug|Any CPU
		{4F1FD4AC-D6F9-4CDF-9556-09188FB22B0A}.Release|Any CPU.ActiveCfg = Release|Any CPU
		{4F1FD4AC-D6F9-4CDF-9556-09188FB22B0A}.Release|Any CPU.Build.0 = Release|Any CPU
	EndGlobalSection
	GlobalSection(SolutionProperties) = preSolution
		HideSolutionNode = FALSE
	EndGlobalSection
	GlobalSection(ExtensibilityGlobals) = postSolution
		SolutionGuid = {8187D627-0E07-4FD9-9F31-7160B32408FD}
	EndGlobalSection
EndGlobal
